
Microsoft Visual Studio Solution File, Format Version 12.00
# Visual Studio Version 16
VisualStudioVersion = 16.0.30804.86
MinimumVisualStudioVersion = 10.0.40219.1
Project("{FAE04EC0-301F-11D3-BF4B-00C04F79EFBC}") = "JsReportTest", "JsReportTest\JsReportTest.csproj", "{59C2FDB6-9210-4C4A-A64E-045DF69D0472}"
EndProject
Global
	GlobalSection(SolutionConfigurationPlatforms) = preSolution
		Debug|Any CPU = Debug|Any CPU
		Release|Any CPU = Release|Any CPU
	EndGlobalSection
	GlobalSection(ProjectConfigurationPlatforms) = postSolution
		{59C2FDB6-9210-4C4A-A64E-045DF69D0472}.Debug|Any CPU.ActiveCfg = Debug|Any CPU
		{59C2FDB6-9210-4C4A-A64E-045DF69D0472}.Debug|Any CPU.Build.0 = Debug|Any CPU
		{59C2FDB6-9210-4C4A-A64E-045DF69D0472}.Release|Any CPU.ActiveCfg = Release|Any CPU
		{59C2FDB6-9210-4C4A-A64E-045DF69D0472}.Release|Any CPU.Build.0 = Release|Any CPU
	EndGlobalSection
	GlobalSection(SolutionProperties) = preSolution
		HideSolutionNode = FALSE
	EndGlobalSection
	GlobalSection(ExtensibilityGlobals) = postSolution
		SolutionGuid = {777CEB23-C54D-42FF-BD46-F0E9BE327D87}
	EndGlobalSection
EndGlobal
